
Microsoft Visual Studio Solution File, Format Version 12.00
# Visual Studio Version 17
VisualStudioVersion = 17.4.33213.308
MinimumVisualStudioVersion = 10.0.40219.1
Project("{9A19103F-16F7-4668-BE54-9A1E7A4F7556}") = "Itp.HidBarcodeScanner", "Itp.HidBarcodeScanner\Itp.HidBarcodeScanner.csproj", "{11C9E463-DEAC-476A-8B53-6CAA9691690A}"
EndProject
Project("{9A19103F-16F7-4668-BE54-9A1E7A4F7556}") = "HidBarcodeScannerDemo", "HidBarcodeScannerDemo\HidBarcodeScannerDemo.csproj", "{5FAC0FE9-430F-41ED-A0FC-0541309DA9EB}"
EndProject
Project("{9A19103F-16F7-4668-BE54-9A1E7A4F7556}") = "Itp.HidBarcodeScanner.Demo", "Itp.HidBarcodeScanner.Demo\Itp.HidBarcodeScanner.Demo.csproj", "{DFF4FB90-6441-4196-8E57-F34706D26CF3}"
EndProject
Project("{9A19103F-16F7-4668-BE54-9A1E7A4F7556}") = "Itp.WpfScanners", "Itp.WpfScannerScopes\Itp.WpfScanners.csproj", "{093EEF72-B3C3-479C-93C9-0125099AD63F}"
EndProject
Project("{2150E333-8FDC-42A3-9474-1A3956D46DE8}") = "Solution Items", "Solution Items", "{FAE64632-57BC-452F-91FD-F065844E2B65}"
	ProjectSection(SolutionItems) = preProject
		Assets\EsattoCSCommon.targets = Assets\EsattoCSCommon.targets
		LICENSE.txt = LICENSE.txt
		Readme.md = Readme.md
		.github\workflows\release.yml = .github\workflows\release.yml
	EndProjectSection
EndProject
Project("{9A19103F-16F7-4668-BE54-9A1E7A4F7556}") = "Itp.HidCallControl", "Itp.HidCallControl\Itp.HidCallControl.csproj", "{303DE1B6-A245-4769-95B7-D56772EEB931}"
EndProject
Project("{FAE04EC0-301F-11D3-BF4B-00C04F79EFBC}") = "Itp.WpfScanners.Demo", "Itp.WpfScanners.Demo\Itp.WpfScanners.Demo.csproj", "{A8C415E9-09D5-4FD0-991B-48FADEF03808}"
EndProject
Global
	GlobalSection(SolutionConfigurationPlatforms) = preSolution
		Debug|Any CPU = Debug|Any CPU
		Release|Any CPU = Release|Any CPU
	EndGlobalSection
	GlobalSection(ProjectConfigurationPlatforms) = postSolution
		{11C9E463-DEAC-476A-8B53-6CAA9691690A}.Debug|Any CPU.ActiveCfg = Debug|Any CPU
		{11C9E463-DEAC-476A-8B53-6CAA9691690A}.Debug|Any CPU.Build.0 = Debug|Any CPU
		{11C9E463-DEAC-476A-8B53-6CAA9691690A}.Release|Any CPU.ActiveCfg = Release|Any CPU
		{11C9E463-DEAC-476A-8B53-6CAA9691690A}.Release|Any CPU.Build.0 = Release|Any CPU
		{5FAC0FE9-430F-41ED-A0FC-0541309DA9EB}.Debug|Any CPU.ActiveCfg = Debug|Any CPU
		{5FAC0FE9-430F-41ED-A0FC-0541309DA9EB}.Debug|Any CPU.Build.0 = Debug|Any CPU
		{5FAC0FE9-430F-41ED-A0FC-0541309DA9EB}.Release|Any CPU.ActiveCfg = Release|Any CPU
		{5FAC0FE9-430F-41ED-A0FC-0541309DA9EB}.Release|Any CPU.Build.0 = Release|Any CPU
		{DFF4FB90-6441-4196-8E57-F34706D26CF3}.Debug|Any CPU.ActiveCfg = Debug|Any CPU
		{DFF4FB90-6441-4196-8E57-F34706D26CF3}.Debug|Any CPU.Build.0 = Debug|Any CPU
		{DFF4FB90-6441-4196-8E57-F34706D26CF3}.Release|Any CPU.ActiveCfg = Release|Any CPU
		{DFF4FB90-6441-4196-8E57-F34706D26CF3}.Release|Any CPU.Build.0 = Release|Any CPU
		{093EEF72-B3C3-479C-93C9-0125099AD63F}.Debug|Any CPU.ActiveCfg = Debug|Any CPU
		{093EEF72-B3C3-479C-93C9-0125099AD63F}.Debug|Any CPU.Build.0 = Debug|Any CPU
		{093EEF72-B3C3-479C-93C9-0125099AD63F}.Release|Any CPU.ActiveCfg = Release|Any CPU
		{093EEF72-B3C3-479C-93C9-0125099AD63F}.Release|Any CPU.Build.0 = Release|Any CPU
		{303DE1B6-A245-4769-95B7-D56772EEB931}.Debug|Any CPU.ActiveCfg = Debug|Any CPU
		{303DE1B6-A245-4769-95B7-D56772EEB931}.Debug|Any CPU.Build.0 = Debug|Any CPU
		{303DE1B6-A245-4769-95B7-D56772EEB931}.Release|Any CPU.ActiveCfg = Release|Any CPU
		{303DE1B6-A245-4769-95B7-D56772EEB931}.Release|Any CPU.Build.0 = Release|Any CPU
		{A8C415E9-09D5-4FD0-991B-48FADEF03808}.Debug|Any CPU.ActiveCfg = Debug|Any CPU
		{A8C415E9-09D5-4FD0-991B-48FADEF03808}.Debug|Any CPU.Build.0 = Debug|Any CPU
		{A8C415E9-09D5-4FD0-991B-48FADEF03808}.Release|Any CPU.ActiveCfg = Release|Any CPU
		{A8C415E9-09D5-4FD0-991B-48FADEF03808}.Release|Any CPU.Build.0 = Release|Any CPU
	EndGlobalSection
	GlobalSection(SolutionProperties) = preSolution
		HideSolutionNode = FALSE
	EndGlobalSection
	GlobalSection(ExtensibilityGlobals) = postSolution
		SolutionGuid = {3459A613-6807-4A82-978C-1CA267662E2F}
	EndGlobalSection
EndGlobal
