
Microsoft Visual Studio Solution File, Format Version 12.00
# Visual Studio Version 17
VisualStudioVersion = 17.4.33213.308
MinimumVisualStudioVersion = 10.0.40219.1
Project("{9A19103F-16F7-4668-BE54-9A1E7A4F7556}") = "Itp.HidBarcodeScanner", "Itp.HidBarcodeScanner\Itp.HidBarcodeScanner.csproj", "{11C9E463-DEAC-476A-8B53-6CAA9691690A}"
EndProject
Project("{9A19103F-16F7-4668-BE54-9A1E7A4F7556}") = "HidBarcodeScannerDemo", "HidBarcodeScannerDemo\HidBarcodeScannerDemo.csproj", "{5FAC0FE9-430F-41ED-A0FC-0541309DA9EB}"
EndProject
Project("{9A19103F-16F7-4668-BE54-9A1E7A4F7556}") = "Itp.HidBarcodeScanner.Demo", "Itp.HidBarcodeScanner.Demo\Itp.HidBarcodeScanner.Demo.csproj", "{DFF4FB90-6441-4196-8E57-F34706D26CF3}"
EndProject
Project("{9A19103F-16F7-4668-BE54-9A1E7A4F7556}") = "Itp.WpfScanners", "Itp.WpfScannerScopes\Itp.WpfScanners.csproj", "{093EEF72-B3C3-479C-93C9-0125099AD63F}"
EndProject
Project("{2150E333-8FDC-42A3-9474-1A3956D46DE8}") = "Solution Items", "Solution Items", "{FAE64632-57BC-452F-91FD-F065844E2B65}"
	ProjectSection(SolutionItems) = preProject
		Assets\EsattoCSCommon.targets = Assets\EsattoCSCommon.targets
		LICENSE.txt = LICENSE.txt
		Readme.md = Readme.md
		.github\workflows\release.yml = .github\workflows\release.yml
	EndProjectSection
EndProject
Project("{9A19103F-16F7-4668-BE54-9A1E7A4F7556}") = "Itp.HidCallControl", "Itp.HidCallControl\Itp.HidCallControl.csproj", "{303DE1B6-A245-4769-95B7-D56772EEB931}"
EndProject
Project("{9A19103F-16F7-4668-BE54-9A1E7A4F7556}") = "Itp.WpfScanners.Demo", "Itp.WpfScanners.Demo\Itp.WpfScanners.Demo.csproj", "{A8C415E9-09D5-4FD0-991B-48FADEF03808}"
EndProject
Project("{8BC9CEB8-8B4A-11D0-8D11-00A0C91BC942}") = "NativeHidDemo", "NativeHidDemo\NativeHidDemo.vcxproj", "{FC43243D-CCB4-4EC6-86CB-A7E69F916952}"
EndProject
Project("{FAE04EC0-301F-11D3-BF4B-00C04F79EFBC}") = "NativeHidCsDemo", "NativeHidCsDemo\NativeHidCsDemo.csproj", "{7F62344D-AA51-4409-8407-BFAE0D4A5DB3}"
EndProject
Project("{FAE04EC0-301F-11D3-BF4B-00C04F79EFBC}") = "UwpConsoleSample", "UwpConsoleSample\UwpConsoleSample.csproj", "{FD406766-C591-4E11-9571-A6BB5DAC0DC3}"
EndProject
Global
	GlobalSection(SolutionConfigurationPlatforms) = preSolution
		Debug|Any CPU = Debug|Any CPU
		Debug|x64 = Debug|x64
		Debug|x86 = Debug|x86
		Release|Any CPU = Release|Any CPU
		Release|x64 = Release|x64
		Release|x86 = Release|x86
	EndGlobalSection
	GlobalSection(ProjectConfigurationPlatforms) = postSolution
		{11C9E463-DEAC-476A-8B53-6CAA9691690A}.Debug|Any CPU.ActiveCfg = Debug|Any CPU
		{11C9E463-DEAC-476A-8B53-6CAA9691690A}.Debug|Any CPU.Build.0 = Debug|Any CPU
		{11C9E463-DEAC-476A-8B53-6CAA9691690A}.Debug|x64.ActiveCfg = Debug|Any CPU
		{11C9E463-DEAC-476A-8B53-6CAA9691690A}.Debug|x64.Build.0 = Debug|Any CPU
		{11C9E463-DEAC-476A-8B53-6CAA9691690A}.Debug|x86.ActiveCfg = Debug|Any CPU
		{11C9E463-DEAC-476A-8B53-6CAA9691690A}.Debug|x86.Build.0 = Debug|Any CPU
		{11C9E463-DEAC-476A-8B53-6CAA9691690A}.Release|Any CPU.ActiveCfg = Release|Any CPU
		{11C9E463-DEAC-476A-8B53-6CAA9691690A}.Release|Any CPU.Build.0 = Release|Any CPU
		{11C9E463-DEAC-476A-8B53-6CAA9691690A}.Release|x64.ActiveCfg = Release|Any CPU
		{11C9E463-DEAC-476A-8B53-6CAA9691690A}.Release|x64.Build.0 = Release|Any CPU
		{11C9E463-DEAC-476A-8B53-6CAA9691690A}.Release|x86.ActiveCfg = Release|Any CPU
		{11C9E463-DEAC-476A-8B53-6CAA9691690A}.Release|x86.Build.0 = Release|Any CPU
		{5FAC0FE9-430F-41ED-A0FC-0541309DA9EB}.Debug|Any CPU.ActiveCfg = Debug|Any CPU
		{5FAC0FE9-430F-41ED-A0FC-0541309DA9EB}.Debug|Any CPU.Build.0 = Debug|Any CPU
		{5FAC0FE9-430F-41ED-A0FC-0541309DA9EB}.Debug|x64.ActiveCfg = Debug|Any CPU
		{5FAC0FE9-430F-41ED-A0FC-0541309DA9EB}.Debug|x64.Build.0 = Debug|Any CPU
		{5FAC0FE9-430F-41ED-A0FC-0541309DA9EB}.Debug|x86.ActiveCfg = Debug|Any CPU
		{5FAC0FE9-430F-41ED-A0FC-0541309DA9EB}.Debug|x86.Build.0 = Debug|Any CPU
		{5FAC0FE9-430F-41ED-A0FC-0541309DA9EB}.Release|Any CPU.ActiveCfg = Release|Any CPU
		{5FAC0FE9-430F-41ED-A0FC-0541309DA9EB}.Release|Any CPU.Build.0 = Release|Any CPU
		{5FAC0FE9-430F-41ED-A0FC-0541309DA9EB}.Release|x64.ActiveCfg = Release|Any CPU
		{5FAC0FE9-430F-41ED-A0FC-0541309DA9EB}.Release|x64.Build.0 = Release|Any CPU
		{5FAC0FE9-430F-41ED-A0FC-0541309DA9EB}.Release|x86.ActiveCfg = Release|Any CPU
		{5FAC0FE9-430F-41ED-A0FC-0541309DA9EB}.Release|x86.Build.0 = Release|Any CPU
		{DFF4FB90-6441-4196-8E57-F34706D26CF3}.Debug|Any CPU.ActiveCfg = Debug|Any CPU
		{DFF4FB90-6441-4196-8E57-F34706D26CF3}.Debug|Any CPU.Build.0 = Debug|Any CPU
		{DFF4FB90-6441-4196-8E57-F34706D26CF3}.Debug|x64.ActiveCfg = Debug|Any CPU
		{DFF4FB90-6441-4196-8E57-F34706D26CF3}.Debug|x64.Build.0 = Debug|Any CPU
		{DFF4FB90-6441-4196-8E57-F34706D26CF3}.Debug|x86.ActiveCfg = Debug|Any CPU
		{DFF4FB90-6441-4196-8E57-F34706D26CF3}.Debug|x86.Build.0 = Debug|Any CPU
		{DFF4FB90-6441-4196-8E57-F34706D26CF3}.Release|Any CPU.ActiveCfg = Release|Any CPU
		{DFF4FB90-6441-4196-8E57-F34706D26CF3}.Release|Any CPU.Build.0 = Release|Any CPU
		{DFF4FB90-6441-4196-8E57-F34706D26CF3}.Release|x64.ActiveCfg = Release|Any CPU
		{DFF4FB90-6441-4196-8E57-F34706D26CF3}.Release|x64.Build.0 = Release|Any CPU
		{DFF4FB90-6441-4196-8E57-F34706D26CF3}.Release|x86.ActiveCfg = Release|Any CPU
		{DFF4FB90-6441-4196-8E57-F34706D26CF3}.Release|x86.Build.0 = Release|Any CPU
		{093EEF72-B3C3-479C-93C9-0125099AD63F}.Debug|Any CPU.ActiveCfg = Debug|Any CPU
		{093EEF72-B3C3-479C-93C9-0125099AD63F}.Debug|Any CPU.Build.0 = Debug|Any CPU
		{093EEF72-B3C3-479C-93C9-0125099AD63F}.Debug|x64.ActiveCfg = Debug|Any CPU
		{093EEF72-B3C3-479C-93C9-0125099AD63F}.Debug|x64.Build.0 = Debug|Any CPU
		{093EEF72-B3C3-479C-93C9-0125099AD63F}.Debug|x86.ActiveCfg = Debug|Any CPU
		{093EEF72-B3C3-479C-93C9-0125099AD63F}.Debug|x86.Build.0 = Debug|Any CPU
		{093EEF72-B3C3-479C-93C9-0125099AD63F}.Release|Any CPU.ActiveCfg = Release|Any CPU
		{093EEF72-B3C3-479C-93C9-0125099AD63F}.Release|Any CPU.Build.0 = Release|Any CPU
		{093EEF72-B3C3-479C-93C9-0125099AD63F}.Release|x64.ActiveCfg = Release|Any CPU
		{093EEF72-B3C3-479C-93C9-0125099AD63F}.Release|x64.Build.0 = Release|Any CPU
		{093EEF72-B3C3-479C-93C9-0125099AD63F}.Release|x86.ActiveCfg = Release|Any CPU
		{093EEF72-B3C3-479C-93C9-0125099AD63F}.Release|x86.Build.0 = Release|Any CPU
		{303DE1B6-A245-4769-95B7-D56772EEB931}.Debug|Any CPU.ActiveCfg = Debug|Any CPU
		{303DE1B6-A245-4769-95B7-D56772EEB931}.Debug|Any CPU.Build.0 = Debug|Any CPU
		{303DE1B6-A245-4769-95B7-D56772EEB931}.Debug|x64.ActiveCfg = Debug|Any CPU
		{303DE1B6-A245-4769-95B7-D56772EEB931}.Debug|x64.Build.0 = Debug|Any CPU
		{303DE1B6-A245-4769-95B7-D56772EEB931}.Debug|x86.ActiveCfg = Debug|Any CPU
		{303DE1B6-A245-4769-95B7-D56772EEB931}.Debug|x86.Build.0 = Debug|Any CPU
		{303DE1B6-A245-4769-95B7-D56772EEB931}.Release|Any CPU.ActiveCfg = Release|Any CPU
		{303DE1B6-A245-4769-95B7-D56772EEB931}.Release|Any CPU.Build.0 = Release|Any CPU
		{303DE1B6-A245-4769-95B7-D56772EEB931}.Release|x64.ActiveCfg = Release|Any CPU
		{303DE1B6-A245-4769-95B7-D56772EEB931}.Release|x64.Build.0 = Release|Any CPU
		{303DE1B6-A245-4769-95B7-D56772EEB931}.Release|x86.ActiveCfg = Release|Any CPU
		{303DE1B6-A245-4769-95B7-D56772EEB931}.Release|x86.Build.0 = Release|Any CPU
		{A8C415E9-09D5-4FD0-991B-48FADEF03808}.Debug|Any CPU.ActiveCfg = Debug|Any CPU
		{A8C415E9-09D5-4FD0-991B-48FADEF03808}.Debug|Any CPU.Build.0 = Debug|Any CPU
		{A8C415E9-09D5-4FD0-991B-48FADEF03808}.Debug|x64.ActiveCfg = Debug|Any CPU
		{A8C415E9-09D5-4FD0-991B-48FADEF03808}.Debug|x64.Build.0 = Debug|Any CPU
		{A8C415E9-09D5-4FD0-991B-48FADEF03808}.Debug|x86.ActiveCfg = Debug|Any CPU
		{A8C415E9-09D5-4FD0-991B-48FADEF03808}.Debug|x86.Build.0 = Debug|Any CPU
		{A8C415E9-09D5-4FD0-991B-48FADEF03808}.Release|Any CPU.ActiveCfg = Release|Any CPU
		{A8C415E9-09D5-4FD0-991B-48FADEF03808}.Release|Any CPU.Build.0 = Release|Any CPU
		{A8C415E9-09D5-4FD0-991B-48FADEF03808}.Release|x64.ActiveCfg = Release|Any CPU
		{A8C415E9-09D5-4FD0-991B-48FADEF03808}.Release|x64.Build.0 = Release|Any CPU
		{A8C415E9-09D5-4FD0-991B-48FADEF03808}.Release|x86.ActiveCfg = Release|Any CPU
		{A8C415E9-09D5-4FD0-991B-48FADEF03808}.Release|x86.Build.0 = Release|Any CPU
		{FC43243D-CCB4-4EC6-86CB-A7E69F916952}.Debug|Any CPU.ActiveCfg = Debug|x64
		{FC43243D-CCB4-4EC6-86CB-A7E69F916952}.Debug|Any CPU.Build.0 = Debug|x64
		{FC43243D-CCB4-4EC6-86CB-A7E69F916952}.Debug|x64.ActiveCfg = Debug|x64
		{FC43243D-CCB4-4EC6-86CB-A7E69F916952}.Debug|x64.Build.0 = Debug|x64
		{FC43243D-CCB4-4EC6-86CB-A7E69F916952}.Debug|x86.ActiveCfg = Debug|Win32
		{FC43243D-CCB4-4EC6-86CB-A7E69F916952}.Debug|x86.Build.0 = Debug|Win32
		{FC43243D-CCB4-4EC6-86CB-A7E69F916952}.Release|Any CPU.ActiveCfg = Release|x64
		{FC43243D-CCB4-4EC6-86CB-A7E69F916952}.Release|Any CPU.Build.0 = Release|x64
		{FC43243D-CCB4-4EC6-86CB-A7E69F916952}.Release|x64.ActiveCfg = Release|x64
		{FC43243D-CCB4-4EC6-86CB-A7E69F916952}.Release|x64.Build.0 = Release|x64
		{FC43243D-CCB4-4EC6-86CB-A7E69F916952}.Release|x86.ActiveCfg = Release|Win32
		{FC43243D-CCB4-4EC6-86CB-A7E69F916952}.Release|x86.Build.0 = Release|Win32
		{7F62344D-AA51-4409-8407-BFAE0D4A5DB3}.Debug|Any CPU.ActiveCfg = Debug|x64
		{7F62344D-AA51-4409-8407-BFAE0D4A5DB3}.Debug|Any CPU.Build.0 = Debug|x64
		{7F62344D-AA51-4409-8407-BFAE0D4A5DB3}.Debug|x64.ActiveCfg = Debug|x64
		{7F62344D-AA51-4409-8407-BFAE0D4A5DB3}.Debug|x86.ActiveCfg = Debug|x64
		{7F62344D-AA51-4409-8407-BFAE0D4A5DB3}.Release|Any CPU.ActiveCfg = Release|x64
		{7F62344D-AA51-4409-8407-BFAE0D4A5DB3}.Release|x64.ActiveCfg = Release|x64
		{7F62344D-AA51-4409-8407-BFAE0D4A5DB3}.Release|x86.ActiveCfg = Release|x64
		{FD406766-C591-4E11-9571-A6BB5DAC0DC3}.Debug|Any CPU.ActiveCfg = Debug|Any CPU
		{FD406766-C591-4E11-9571-A6BB5DAC0DC3}.Debug|Any CPU.Build.0 = Debug|Any CPU
		{FD406766-C591-4E11-9571-A6BB5DAC0DC3}.Debug|x64.ActiveCfg = Debug|Any CPU
		{FD406766-C591-4E11-9571-A6BB5DAC0DC3}.Debug|x64.Build.0 = Debug|Any CPU
		{FD406766-C591-4E11-9571-A6BB5DAC0DC3}.Debug|x86.ActiveCfg = Debug|Any CPU
		{FD406766-C591-4E11-9571-A6BB5DAC0DC3}.Debug|x86.Build.0 = Debug|Any CPU
		{FD406766-C591-4E11-9571-A6BB5DAC0DC3}.Release|Any CPU.ActiveCfg = Release|Any CPU
		{FD406766-C591-4E11-9571-A6BB5DAC0DC3}.Release|Any CPU.Build.0 = Release|Any CPU
		{FD406766-C591-4E11-9571-A6BB5DAC0DC3}.Release|x64.ActiveCfg = Release|Any CPU
		{FD406766-C591-4E11-9571-A6BB5DAC0DC3}.Release|x64.Build.0 = Release|Any CPU
		{FD406766-C591-4E11-9571-A6BB5DAC0DC3}.Release|x86.ActiveCfg = Release|Any CPU
		{FD406766-C591-4E11-9571-A6BB5DAC0DC3}.Release|x86.Build.0 = Release|Any CPU
	EndGlobalSection
	GlobalSection(SolutionProperties) = preSolution
		HideSolutionNode = FALSE
	EndGlobalSection
	GlobalSection(ExtensibilityGlobals) = postSolution
		SolutionGuid = {3459A613-6807-4A82-978C-1CA267662E2F}
	EndGlobalSection
EndGlobal
